[[package]]
category = "main"
description = "Jaeger Python OpenTracing Tracer implementation"
name = "jaeger-client"
optional = false
python-versions = "*"
version = "4.3.0"

[package.dependencies]
opentracing = ">=2.1,<3.0"
threadloop = ">=1,<2"
thrift = "*"
tornado = ">=4.3"

[package.extras]
tests = ["mock (1.0.1)", "pycurl (>=7.43,<8)", "pytest (>=3.7.0,<3.8.0)", "pytest-cov (2.5.1)", "coverage (<4.4)", "pytest-timeout (1.3.1)", "pytest-tornado", "pytest-benchmark (>=3.0.0rc1,<3.2)", "pytest-localserver", "flake8", "flake8-quotes", "codecov", "opentracing_instrumentation (>=3,<4)", "prometheus_client (0.3.1)", "tchannel (>=0.27)"]

[[package]]
category = "main"
description = "StdLib: Standard Library for Microservices Python Bindings"
name = "lib"
optional = false
python-versions = "*"
version = "3.0.0"

[[package]]
category = "main"
description = "OpenTracing API for Python. See documentation at http://opentracing.io"
name = "opentracing"
optional = false
python-versions = "*"
version = "2.3.0"

[package.extras]
tests = ["doubles", "flake8", "flake8-quotes", "mock", "pytest", "pytest-cov", "pytest-mock", "sphinx", "sphinx-rtd-theme", "six (>=1.10.0,<2.0)", "gevent", "tornado"]

[[package]]
category = "main"
description = "Python 2 and 3 compatibility utilities"
name = "six"
optional = false
python-versions = ">=2.7, !=3.0.*, !=3.1.*, !=3.2.*"
version = "1.15.0"

[[package]]
category = "main"
description = "Tornado IOLoop Backed Concurrent Futures"
name = "threadloop"
optional = false
python-versions = "*"
version = "1.0.2"

[package.dependencies]
tornado = "*"

[[package]]
category = "main"
description = "Python bindings for the Apache Thrift RPC system"
name = "thrift"
optional = false
python-versions = "*"
version = "0.13.0"

[package.dependencies]
six = ">=1.7.2"

[package.extras]
all = ["tornado (>=4.0)", "twisted"]
tornado = ["tornado (>=4.0)"]
twisted = ["twisted"]

[[package]]
category = "main"
description = "Tornado is a Python web framework and asynchronous networking library, originally developed at FriendFeed."
name = "tornado"
optional = false
python-versions = ">= 3.5"
version = "6.0.4"

[metadata]
content-hash = "be8c4ad6bd8fa12b1b10d505e1990643ca01348533e8ed76ac8e1685017b11b9"
python-versions = "^3.8"

[metadata.files]
jaeger-client = [
    {file = "jaeger-client-4.3.0.tar.gz", hash = "sha256:7f72c341a21e3dcbc8498d1ed17c93e0eec71c5becc5c9333c4293793d4e6433"},
]
lib = [
    {file = "lib-3.0.0.tar.gz", hash = "sha256:0f9d40198aa516ce0d0328e086314996839b6d942d6cace2b7e7cbf9b3e3fb32"},
]
opentracing = [
    {file = "opentracing-2.3.0.tar.gz", hash = "sha256:33b10634917a7496a7e3a18b18b7c055053d0a8da5101e2a95d454783cac9765"},
]
six = [
    {file = "six-1.15.0-py2.py3-none-any.whl", hash = "sha256:8b74bedcbbbaca38ff6d7491d76f2b06b3592611af620f8426e82dddb04a5ced"},
    {file = "six-1.15.0.tar.gz", hash = "sha256:30639c035cdb23534cd4aa2dd52c3bf48f06e5f4a941509c8bafd8ce11080259"},
]
threadloop = [
    {file = "threadloop-1.0.2-py2-none-any.whl", hash = "sha256:5c90dbefab6ffbdba26afb4829d2a9df8275d13ac7dc58dccb0e279992679599"},
    {file = "threadloop-1.0.2.tar.gz", hash = "sha256:8b180aac31013de13c2ad5c834819771992d350267bddb854613ae77ef571944"},
]
thrift = [
    {file = "thrift-0.13.0.tar.gz", hash = "sha256:9af1c86bf73433afc6010ed376a6c6aca2b54099cc0d61895f640870a9ae7d89"},
]
tornado = [
    {file = "tornado-6.0.4-cp35-cp35m-win32.whl", hash = "sha256:5217e601700f24e966ddab689f90b7ea4bd91ff3357c3600fa1045e26d68e55d"},
    {file = "tornado-6.0.4-cp35-cp35m-win_amd64.whl", hash = "sha256:c98232a3ac391f5faea6821b53db8db461157baa788f5d6222a193e9456e1740"},
    {file = "tornado-6.0.4-cp36-cp36m-win32.whl", hash = "sha256:5f6a07e62e799be5d2330e68d808c8ac41d4a259b9cea61da4101b83cb5dc673"},
    {file = "tornado-6.0.4-cp36-cp36m-win_amd64.whl", hash = "sha256:c952975c8ba74f546ae6de2e226ab3cc3cc11ae47baf607459a6728585bb542a"},
    {file = "tornado-6.0.4-cp37-cp37m-win32.whl", hash = "sha256:2c027eb2a393d964b22b5c154d1a23a5f8727db6fda837118a776b29e2b8ebc6"},
    {file = "tornado-6.0.4-cp37-cp37m-win_amd64.whl", hash = "sha256:5618f72e947533832cbc3dec54e1dffc1747a5cb17d1fd91577ed14fa0dc081b"},
    {file = "tornado-6.0.4-cp38-cp38-win32.whl", hash = "sha256:22aed82c2ea340c3771e3babc5ef220272f6fd06b5108a53b4976d0d722bcd52"},
    {file = "tornado-6.0.4-cp38-cp38-win_amd64.whl", hash = "sha256:c58d56003daf1b616336781b26d184023ea4af13ae143d9dda65e31e534940b9"},
    {file = "tornado-6.0.4.tar.gz", hash = "sha256:0fe2d45ba43b00a41cd73f8be321a44936dc1aba233dee979f17a042b83eb6dc"},
]
